Microsoft Visual Studio Solution File, Format Version 12.00
# Visual Studio Version 17
VisualStudioVersion = 17.5.2.0
MinimumVisualStudioVersion = 10.0.40219.1
Project("{FAE04EC0-301F-11D3-BF4B-00C04F79EFBC}") = "LicaoUm", "LicaoUm.csproj", "{AB56E1D3-84AD-9CC7-9E99-030AE58D060E}"
EndProject
Global
	GlobalSection(SolutionConfigurationPlatforms) = preSolution
		Debug|Any CPU = Debug|Any CPU
		Release|Any CPU = Release|Any CPU
	EndGlobalSection
	GlobalSection(ProjectConfigurationPlatforms) = postSolution
		{AB56E1D3-84AD-9CC7-9E99-030AE58D060E}.Debug|Any CPU.ActiveCfg = Debug|Any CPU
		{AB56E1D3-84AD-9CC7-9E99-030AE58D060E}.Debug|Any CPU.Build.0 = Debug|Any CPU
		{AB56E1D3-84AD-9CC7-9E99-030AE58D060E}.Release|Any CPU.ActiveCfg = Release|Any CPU
		{AB56E1D3-84AD-9CC7-9E99-030AE58D060E}.Release|Any CPU.Build.0 = Release|Any CPU
	EndGlobalSection
	GlobalSection(SolutionProperties) = preSolution
		HideSolutionNode = FALSE
	EndGlobalSection
	GlobalSection(ExtensibilityGlobals) = postSolution
		SolutionGuid = {4220C62D-D662-4D5B-958E-5385037D995E}
	EndGlobalSection
EndGlobal
